// !$*UTF8*$!
{
	archiveVersion = 1;
	classes = {
	};
	objectVersion = 55;
	objects = {

/* Begin PBXBuildFile section */
		1104DDBA2947930E006F0C7A /* LogInViewController.swift in Sources */ = {isa = PBXBuildFile; fileRef = 1104DDB92947930E006F0C7A /* LogInViewController.swift */; };
		1182AF1D293AB9DE00688586 /* ProfileHeaderView.swift in Sources */ = {isa = PBXBuildFile; fileRef = 1182AF1C293AB9DE00688586 /* ProfileHeaderView.swift */; };
		1182AF21293BBAF700688586 /* Extentions.swift in Sources */ = {isa = PBXBuildFile; fileRef = 1182AF20293BBAF700688586 /* Extentions.swift */; };
		11BF0609294881B0006B6CC0 /* MyScrollView.swift in Sources */ = {isa = PBXBuildFile; fileRef = 11BF0608294881B0006B6CC0 /* MyScrollView.swift */; };
		11D5C4A7292E6B090073DB91 /* AppDelegate.swift in Sources */ = {isa = PBXBuildFile; fileRef = 11D5C4A6292E6B090073DB91 /* AppDelegate.swift */; };
		11D5C4A9292E6B090073DB91 /* SceneDelegate.swift in Sources */ = {isa = PBXBuildFile; fileRef = 11D5C4A8292E6B090073DB91 /* SceneDelegate.swift */; };
		11D5C4B0292E6B0B0073DB91 /* Assets.xcassets in Resources */ = {isa = PBXBuildFile; fileRef = 11D5C4AF292E6B0B0073DB91 /* Assets.xcassets */; };
		11D5C4B3292E6B0B0073DB91 /* LaunchScreen.storyboard in Resources */ = {isa = PBXBuildFile; fileRef = 11D5C4B1292E6B0B0073DB91 /* LaunchScreen.storyboard */; };
		11D5C4BB292E75A50073DB91 /* FeedViewController.swift in Sources */ = {isa = PBXBuildFile; fileRef = 11D5C4BA292E75A50073DB91 /* FeedViewController.swift */; };
		11D5C4BD292E75DD0073DB91 /* ProfileViewController.swift in Sources */ = {isa = PBXBuildFile; fileRef = 11D5C4BC292E75DD0073DB91 /* ProfileViewController.swift */; };
		11D5C4C1292E81A20073DB91 /* PostViewController.swift in Sources */ = {isa = PBXBuildFile; fileRef = 11D5C4C0292E81A20073DB91 /* PostViewController.swift */; };
		11D5C4C3292E93D30073DB91 /* Post.swift in Sources */ = {isa = PBXBuildFile; fileRef = 11D5C4C2292E93D30073DB91 /* Post.swift */; };
		11D5C4C5292EA0F10073DB91 /* InfoViewController.swift in Sources */ = {isa = PBXBuildFile; fileRef = 11D5C4C4292EA0F10073DB91 /* InfoViewController.swift */; };
/* End PBXBuildFile section */

/* Begin PBXFileReference section */
		1104DDB92947930E006F0C7A /* LogInViewController.swift */ = {isa = PBXFileReference; lastKnownFileType = sourcecode.swift; path = LogInViewController.swift; sourceTree = "<group>"; };
		1182AF1C293AB9DE00688586 /* ProfileHeaderView.swift */ = {isa = PBXFileReference; lastKnownFileType = sourcecode.swift; path = ProfileHeaderView.swift; sourceTree = "<group>"; };
		1182AF20293BBAF700688586 /* Extentions.swift */ = {isa = PBXFileReference; lastKnownFileType = sourcecode.swift; path = Extentions.swift; sourceTree = "<group>"; };
		11BF0608294881B0006B6CC0 /* MyScrollView.swift */ = {isa = PBXFileReference; lastKnownFileType = sourcecode.swift; path = MyScrollView.swift; sourceTree = SOURCE_ROOT; };
		11D5C4A3292E6B090073DB91 /* Navigation.app */ = {isa = PBXFileReference; explicitFileType = wrapper.application; includeInIndex = 0; path = Navigation.app; sourceTree = BUILT_PRODUCTS_DIR; };
		11D5C4A6292E6B090073DB91 /* AppDelegate.swift */ = {isa = PBXFileReference; lastKnownFileType = sourcecode.swift; path = AppDelegate.swift; sourceTree = "<group>"; };
		11D5C4A8292E6B090073DB91 /* SceneDelegate.swift */ = {isa = PBXFileReference; lastKnownFileType = sourcecode.swift; path = SceneDelegate.swift; sourceTree = "<group>"; };
		11D5C4AF292E6B0B0073DB91 /* Assets.xcassets */ = {isa = PBXFileReference; lastKnownFileType = folder.assetcatalog; path = Assets.xcassets; sourceTree = "<group>"; };
		11D5C4B2292E6B0B0073DB91 /* Base */ = {isa = PBXFileReference; lastKnownFileType = file.storyboard; name = Base; path = Base.lproj/LaunchScreen.storyboard; sourceTree = "<group>"; };
		11D5C4B4292E6B0B0073DB91 /* Info.plist */ = {isa = PBXFileReference; lastKnownFileType = text.plist.xml; path = Info.plist; sourceTree = "<group>"; };
		11D5C4BA292E75A50073DB91 /* FeedViewController.swift */ = {isa = PBXFileReference; lastKnownFileType = sourcecode.swift; path = FeedViewController.swift; sourceTree = "<group>"; };
		11D5C4BC292E75DD0073DB91 /* ProfileViewController.swift */ = {isa = PBXFileReference; lastKnownFileType = sourcecode.swift; path = ProfileViewController.swift; sourceTree = "<group>"; };
		11D5C4C0292E81A20073DB91 /* PostViewController.swift */ = {isa = PBXFileReference; lastKnownFileType = sourcecode.swift; path = PostViewController.swift; sourceTree = "<group>"; };
		11D5C4C2292E93D30073DB91 /* Post.swift */ = {isa = PBXFileReference; lastKnownFileType = sourcecode.swift; path = Post.swift; sourceTree = "<group>"; };
		11D5C4C4292EA0F10073DB91 /* InfoViewController.swift */ = {isa = PBXFileReference; lastKnownFileType = sourcecode.swift; path = InfoViewController.swift; sourceTree = "<group>"; };
/* End PBXFileReference section */

/* Begin PBXFrameworksBuildPhase section */
		11D5C4A0292E6B090073DB91 /* Frameworks */ = {
			isa = PBXFrameworksBuildPhase;
			buildActionMask = 2147483647;
			files = (
			);
			runOnlyForDeploymentPostprocessing = 0;
		};
/* End PBXFrameworksBuildPhase section */

/* Begin PBXGroup section */
		1182AF1B293AB98700688586 /* Profile */ = {
			isa = PBXGroup;
			children = (
				11BF0608294881B0006B6CC0 /* MyScrollView.swift */,
				1182AF1C293AB9DE00688586 /* ProfileHeaderView.swift */,
				11D5C4BC292E75DD0073DB91 /* ProfileViewController.swift */,
				1182AF20293BBAF700688586 /* Extentions.swift */,
				1104DDB92947930E006F0C7A /* LogInViewController.swift */,
			);
			path = Profile;
			sourceTree = "<group>";
		};
		11D5C49A292E6B080073DB91 = {
			isa = PBXGroup;
			children = (
				11D5C4A5292E6B090073DB91 /* Navigation */,
				11D5C4A4292E6B090073DB91 /* Products */,
			);
			sourceTree = "<group>";
		};
		11D5C4A4292E6B090073DB91 /* Products */ = {
			isa = PBXGroup;
			children = (
				11D5C4A3292E6B090073DB91 /* Navigation.app */,
			);
			name = Products;
			sourceTree = "<group>";
		};
		11D5C4A5292E6B090073DB91 /* Navigation */ = {
			isa = PBXGroup;
			children = (
				1182AF1B293AB98700688586 /* Profile */,
				11D5C4C4292EA0F10073DB91 /* InfoViewController.swift */,
				11D5C4C2292E93D30073DB91 /* Post.swift */,
				11D5C4A6292E6B090073DB91 /* AppDelegate.swift */,
				11D5C4A8292E6B090073DB91 /* SceneDelegate.swift */,
				11D5C4BA292E75A50073DB91 /* FeedViewController.swift */,
				11D5C4C0292E81A20073DB91 /* PostViewController.swift */,
				11D5C4AF292E6B0B0073DB91 /* Assets.xcassets */,
				11D5C4B1292E6B0B0073DB91 /* LaunchScreen.storyboard */,
				11D5C4B4292E6B0B0073DB91 /* Info.plist */,
			);
			path = Navigation;
			sourceTree = "<group>";
		};
/* End PBXGroup section */

/* Begin PBXNativeTarget section */
		11D5C4A2292E6B090073DB91 /* Navigation */ = {
			isa = PBXNativeTarget;
			buildConfigurationList = 11D5C4B7292E6B0B0073DB91 /* Build configuration list for PBXNativeTarget "Navigation" */;
			buildPhases = (
				11D5C49F292E6B090073DB91 /* Sources */,
				11D5C4A0292E6B090073DB91 /* Frameworks */,
				11D5C4A1292E6B090073DB91 /* Resources */,
			);
			buildRules = (
			);
			dependencies = (
			);
			name = Navigation;
			productName = Navigation;
			productReference = 11D5C4A3292E6B090073DB91 /* Navigation.app */;
			productType = "com.apple.product-type.application";
		};
/* End PBXNativeTarget section */

/* Begin PBXProject section */
		11D5C49B292E6B080073DB91 /* Project object */ = {
			isa = PBXProject;
			attributes = {
				BuildIndependentTargetsInParallel = 1;
				LastSwiftUpdateCheck = 1340;
				LastUpgradeCheck = 1340;
				TargetAttributes = {
					11D5C4A2292E6B090073DB91 = {
						CreatedOnToolsVersion = 13.4.1;
					};
				};
			};
			buildConfigurationList = 11D5C49E292E6B080073DB91 /* Build configuration list for PBXProject "Navigation" */;
			compatibilityVersion = "Xcode 13.0";
			developmentRegion = en;
			hasScannedForEncodings = 0;
			knownRegions = (
				en,
				Base,
			);
			mainGroup = 11D5C49A292E6B080073DB91;
			productRefGroup = 11D5C4A4292E6B090073DB91 /* Products */;
			projectDirPath = "";
			projectRoot = "";
			targets = (
				11D5C4A2292E6B090073DB91 /* Navigation */,
			);
		};
/* End PBXProject section */

/* Begin PBXResourcesBuildPhase section */
		11D5C4A1292E6B090073DB91 /* Resources */ = {
			isa = PBXResourcesBuildPhase;
			buildActionMask = 2147483647;
			files = (
				11D5C4B3292E6B0B0073DB91 /* LaunchScreen.storyboard in Resources */,
				11D5C4B0292E6B0B0073DB91 /* Assets.xcassets in Resources */,
			);
			runOnlyForDeploymentPostprocessing = 0;
		};
/* End PBXResourcesBuildPhase section */

/* Begin PBXSourcesBuildPhase section */
		11D5C49F292E6B090073DB91 /* Sources */ = {
			isa = PBXSourcesBuildPhase;
			buildActionMask = 2147483647;
			files = (
				11D5C4A7292E6B090073DB91 /* AppDelegate.swift in Sources */,
				11D5C4BD292E75DD0073DB91 /* ProfileViewController.swift in Sources */,
				11D5C4BB292E75A50073DB91 /* FeedViewController.swift in Sources */,
				11D5C4C5292EA0F10073DB91 /* InfoViewController.swift in Sources */,
				11BF0609294881B0006B6CC0 /* MyScrollView.swift in Sources */,
				11D5C4C3292E93D30073DB91 /* Post.swift in Sources */,
				11D5C4A9292E6B090073DB91 /* SceneDelegate.swift in Sources */,
				11D5C4C1292E81A20073DB91 /* PostViewController.swift in Sources */,
				1182AF1D293AB9DE00688586 /* ProfileHeaderView.swift in Sources */,
				1104DDBA2947930E006F0C7A /* LogInViewController.swift in Sources */,
				1182AF21293BBAF700688586 /* Extentions.swift in Sources */,
			);
			runOnlyForDeploymentPostprocessing = 0;
		};
/* End PBXSourcesBuildPhase section */

/* Begin PBXVariantGroup section */
		11D5C4B1292E6B0B0073DB91 /* LaunchScreen.storyboard */ = {
			isa = PBXVariantGroup;
			children = (
				11D5C4B2292E6B0B0073DB91 /* Base */,
			);
			name = LaunchScreen.storyboard;
			sourceTree = "<group>";
		};
/* End PBXVariantGroup section */

/* Begin XCBuildConfiguration section */
		11D5C4B5292E6B0B0073DB91 /* Debug */ = {
			isa = XCBuildConfiguration;
			buildSettings = {
				ALWAYS_SEARCH_USER_PATHS = NO;
				CLANG_ANALYZER_NONNULL = YES;
				CLANG_ANALYZER_NUMBER_OBJECT_CONVERSION = YES_AGGRESSIVE;
				CLANG_CXX_LANGUAGE_STANDARD = "gnu++17";
				CLANG_ENABLE_MODULES = YES;
				CLANG_ENABLE_OBJC_ARC = YES;
				CLANG_ENABLE_OBJC_WEAK = YES;
				CLANG_WARN_BLOCK_CAPTURE_AUTORELEASING = YES;
				CLANG_WARN_BOOL_CONVERSION = YES;
				CLANG_WARN_COMMA = YES;
				CLANG_WARN_CONSTANT_CONVERSION = YES;
				CLANG_WARN_DEPRECATED_OBJC_IMPLEMENTATIONS = YES;
				CLANG_WARN_DIRECT_OBJC_ISA_USAGE = YES_ERROR;
				CLANG_WARN_DOCUMENTATION_COMMENTS = YES;
				CLANG_WARN_EMPTY_BODY = YES;
				CLANG_WARN_ENUM_CONVERSION = YES;
				CLANG_WARN_INFINITE_RECURSION = YES;
				CLANG_WARN_INT_CONVERSION = YES;
				CLANG_WARN_NON_LITERAL_NULL_CONVERSION = YES;
				CLANG_WARN_OBJC_IMPLICIT_RETAIN_SELF = YES;
				CLANG_WARN_OBJC_LITERAL_CONVERSION = YES;
				CLANG_WARN_OBJC_ROOT_CLASS = YES_ERROR;
				CLANG_WARN_QUOTED_INCLUDE_IN_FRAMEWORK_HEADER = YES;
				CLANG_WARN_RANGE_LOOP_ANALYSIS = YES;
				CLANG_WARN_STRICT_PROTOTYPES = YES;
				CLANG_WARN_SUSPICIOUS_MOVE = YES;
				CLANG_WARN_UNGUARDED_AVAILABILITY = YES_AGGRESSIVE;
				CLANG_WARN_UNREACHABLE_CODE = YES;
				CLANG_WARN__DUPLICATE_METHOD_MATCH = YES;
				COPY_PHASE_STRIP = NO;
				DEBUG_INFORMATION_FORMAT = dwarf;
				ENABLE_STRICT_OBJC_MSGSEND = YES;
				ENABLE_TESTABILITY = YES;
				GCC_C_LANGUAGE_STANDARD = gnu11;
				GCC_DYNAMIC_NO_PIC = NO;
				GCC_NO_COMMON_BLOCKS = YES;
				GCC_OPTIMIZATION_LEVEL = 0;
				GCC_PREPROCESSOR_DEFINITIONS = (
					"DEBUG=1",
					"$(inherited)",
				);
				GCC_WARN_64_TO_32_BIT_CONVERSION = YES;
				GCC_WARN_ABOUT_RETURN_TYPE = YES_ERROR;
				GCC_WARN_UNDECLARED_SELECTOR = YES;
				GCC_WARN_UNINITIALIZED_AUTOS = YES_AGGRESSIVE;
				GCC_WARN_UNUSED_FUNCTION = YES;
				GCC_WARN_UNUSED_VARIABLE = YES;
				IPHONEOS_DEPLOYMENT_TARGET = 15.5;
				MTL_ENABLE_DEBUG_INFO = INCLUDE_SOURCE;
				MTL_FAST_MATH = YES;
				ONLY_ACTIVE_ARCH = YES;
				SDKROOT = iphoneos;
				SWIFT_ACTIVE_COMPILATION_CONDITIONS = DEBUG;
				SWIFT_OPTIMIZATION_LEVEL = "-Onone";
			};
			name = Debug;
		};
		11D5C4B6292E6B0B0073DB91 /* Release */ = {
			isa = XCBuildConfiguration;
			buildSettings = {
				ALWAYS_SEARCH_USER_PATHS = NO;
				CLANG_ANALYZER_NONNULL = YES;
				CLANG_ANALYZER_NUMBER_OBJECT_CONVERSION = YES_AGGRESSIVE;
				CLANG_CXX_LANGUAGE_STANDARD = "gnu++17";
				CLANG_ENABLE_MODULES = YES;
				CLANG_ENABLE_OBJC_ARC = YES;
				CLANG_ENABLE_OBJC_WEAK = YES;
				CLANG_WARN_BLOCK_CAPTURE_AUTORELEASING = YES;
				CLANG_WARN_BOOL_CONVERSION = YES;
				CLANG_WARN_COMMA = YES;
				CLANG_WARN_CONSTANT_CONVERSION = YES;
				CLANG_WARN_DEPRECATED_OBJC_IMPLEMENTATIONS = YES;
				CLANG_WARN_DIRECT_OBJC_ISA_USAGE = YES_ERROR;
				CLANG_WARN_DOCUMENTATION_COMMENTS = YES;
				CLANG_WARN_EMPTY_BODY = YES;
				CLANG_WARN_ENUM_CONVERSION = YES;
				CLANG_WARN_INFINITE_RECURSION = YES;
				CLANG_WARN_INT_CONVERSION = YES;
				CLANG_WARN_NON_LITERAL_NULL_CONVERSION = YES;
				CLANG_WARN_OBJC_IMPLICIT_RETAIN_SELF = YES;
				CLANG_WARN_OBJC_LITERAL_CONVERSION = YES;
				CLANG_WARN_OBJC_ROOT_CLASS = YES_ERROR;
				CLANG_WARN_QUOTED_INCLUDE_IN_FRAMEWORK_HEADER = YES;
				CLANG_WARN_RANGE_LOOP_ANALYSIS = YES;
				CLANG_WARN_STRICT_PROTOTYPES = YES;
				CLANG_WARN_SUSPICIOUS_MOVE = YES;
				CLANG_WARN_UNGUARDED_AVAILABILITY = YES_AGGRESSIVE;
				CLANG_WARN_UNREACHABLE_CODE = YES;
				CLANG_WARN__DUPLICATE_METHOD_MATCH = YES;
				COPY_PHASE_STRIP = NO;
				DEBUG_INFORMATION_FORMAT = "dwarf-with-dsym";
				ENABLE_NS_ASSERTIONS = NO;
				ENABLE_STRICT_OBJC_MSGSEND = YES;
				GCC_C_LANGUAGE_STANDARD = gnu11;
				GCC_NO_COMMON_BLOCKS = YES;
				GCC_WARN_64_TO_32_BIT_CONVERSION = YES;
				GCC_WARN_ABOUT_RETURN_TYPE = YES_ERROR;
				GCC_WARN_UNDECLARED_SELECTOR = YES;
				GCC_WARN_UNINITIALIZED_AUTOS = YES_AGGRESSIVE;
				GCC_WARN_UNUSED_FUNCTION = YES;
				GCC_WARN_UNUSED_VARIABLE = YES;
				IPHONEOS_DEPLOYMENT_TARGET = 15.5;
				MTL_ENABLE_DEBUG_INFO = NO;
				MTL_FAST_MATH = YES;
				SDKROOT = iphoneos;
				SWIFT_COMPILATION_MODE = wholemodule;
				SWIFT_OPTIMIZATION_LEVEL = "-O";
				VALIDATE_PRODUCT = YES;
			};
			name = Release;
		};
		11D5C4B8292E6B0B0073DB91 /* Debug */ = {
			isa = XCBuildConfiguration;
			buildSettings = {
				ASSETCATALOG_COMPILER_APPICON_NAME = AppIcon;
				ASSETCATALOG_COMPILER_GLOBAL_ACCENT_COLOR_NAME = AccentColor;
				CODE_SIGN_STYLE = Automatic;
				CURRENT_PROJECT_VERSION = 1;
				DEVELOPMENT_TEAM = 47GST27FJ9;
				GENERATE_INFOPLIST_FILE = YES;
				INFOPLIST_FILE = Navigation/Info.plist;
				INFOPLIST_KEY_UIApplicationSupportsIndirectInputEvents = YES;
				INFOPLIST_KEY_UILaunchStoryboardName = LaunchScreen;
				INFOPLIST_KEY_UISupportedInterfaceOrientations_iPad = "UIInterfaceOrientationPortrait UIInterfaceOrientationPortraitUpsideDown UIInterfaceOrientationLandscapeLeft UIInterfaceOrientationLandscapeRight";
				INFOPLIST_KEY_UISupportedInterfaceOrientations_iPhone = "UIInterfaceOrientationPortrait UIInterfaceOrientationLandscapeLeft UIInterfaceOrientationLandscapeRight";
				LD_RUNPATH_SEARCH_PATHS = (
					"$(inherited)",
					"@executable_path/Frameworks",
				);
				MARKETING_VERSION = 1.0;
				PRODUCT_BUNDLE_IDENTIFIER = "com.-alexanderMaraenko.Navigation";
				PRODUCT_NAME = "$(TARGET_NAME)";
				SWIFT_EMIT_LOC_STRINGS = YES;
				SWIFT_VERSION = 5.0;
				TARGETED_DEVICE_FAMILY = "1,2";
			};
			name = Debug;
		};
		11D5C4B9292E6B0B0073DB91 /* Release */ = {
			isa = XCBuildConfiguration;
			buildSettings = {
				ASSETCATALOG_COMPILER_APPICON_NAME = AppIcon;
				ASSETCATALOG_COMPILER_GLOBAL_ACCENT_COLOR_NAME = AccentColor;
				CODE_SIGN_STYLE = Automatic;
				CURRENT_PROJECT_VERSION = 1;
				DEVELOPMENT_TEAM = 47GST27FJ9;
				GENERATE_INFOPLIST_FILE = YES;
				INFOPLIST_FILE = Navigation/Info.plist;
				INFOPLIST_KEY_UIApplicationSupportsIndirectInputEvents = YES;
				INFOPLIST_KEY_UILaunchStoryboardName = LaunchScreen;
				INFOPLIST_KEY_UISupportedInterfaceOrientations_iPad = "UIInterfaceOrientationPortrait UIInterfaceOrientationPortraitUpsideDown UIInterfaceOrientationLandscapeLeft UIInterfaceOrientationLandscapeRight";
				INFOPLIST_KEY_UISupportedInterfaceOrientations_iPhone = "UIInterfaceOrientationPortrait UIInterfaceOrientationLandscapeLeft UIInterfaceOrientationLandscapeRight";
				LD_RUNPATH_SEARCH_PATHS = (
					"$(inherited)",
					"@executable_path/Frameworks",
				);
				MARKETING_VERSION = 1.0;
				PRODUCT_BUNDLE_IDENTIFIER = "com.-alexanderMaraenko.Navigation";
				PRODUCT_NAME = "$(TARGET_NAME)";
				SWIFT_EMIT_LOC_STRINGS = YES;
				SWIFT_VERSION = 5.0;
				TARGETED_DEVICE_FAMILY = "1,2";
			};
			name = Release;
		};
/* End XCBuildConfiguration section */

/* Begin XCConfigurationList section */
		11D5C49E292E6B080073DB91 /* Build configuration list for PBXProject "Navigation" */ = {
			isa = XCConfigurationList;
			buildConfigurations = (
				11D5C4B5292E6B0B0073DB91 /* Debug */,
				11D5C4B6292E6B0B0073DB91 /* Release */,
			);
			defaultConfigurationIsVisible = 0;
			defaultConfigurationName = Release;
		};
		11D5C4B7292E6B0B0073DB91 /* Build configuration list for PBXNativeTarget "Navigation" */ = {
			isa = XCConfigurationList;
			buildConfigurations = (
				11D5C4B8292E6B0B0073DB91 /* Debug */,
				11D5C4B9292E6B0B0073DB91 /* Release */,
			);
			defaultConfigurationIsVisible = 0;
			defaultConfigurationName = Release;
		};
/* End XCConfigurationList section */
	};
	rootObject = 11D5C49B292E6B080073DB91 /* Project object */;
}
